
Microsoft Visual Studio Solution File, Format Version 12.00
# Visual Studio Version 17
VisualStudioVersion = 17.9.34701.34
MinimumVisualStudioVersion = 10.0.40219.1
Project("{8BC9CEB8-8B4A-11D0-8D11-00A0C91BC942}") = "cpp_coroutine", "cpp_coroutine\cpp_coroutine.vcxproj", "{05084833-9029-4DF4-AC51-AAB8F52A1FEC}"
EndProject
Project("{2150E333-8FDC-42A3-9474-1A3956D46DE8}") = "Solution Items", "Solution Items", "{9672D0ED-246C-4B84-8408-90AD595318E9}"
	ProjectSection(SolutionItems) = preProject
		README.md = README.md
	EndProjectSection
EndProject
Global
	GlobalSection(SolutionConfigurationPlatforms) = preSolution
		Debug|x64 = Debug|x64
		Release|x64 = Release|x64
	EndGlobalSection
	GlobalSection(ProjectConfigurationPlatforms) = postSolution
		{05084833-9029-4DF4-AC51-AAB8F52A1FEC}.Debug|x64.ActiveCfg = Debug|x64
		{05084833-9029-4DF4-AC51-AAB8F52A1FEC}.Debug|x64.Build.0 = Debug|x64
		{05084833-9029-4DF4-AC51-AAB8F52A1FEC}.Release|x64.ActiveCfg = Release|x64
		{05084833-9029-4DF4-AC51-AAB8F52A1FEC}.Release|x64.Build.0 = Release|x64
	EndGlobalSection
	GlobalSection(SolutionProperties) = preSolution
		HideSolutionNode = FALSE
	EndGlobalSection
	GlobalSection(ExtensibilityGlobals) = postSolution
		SolutionGuid = {708D3767-9A12-4C43-8236-1B6CEA503489}
	EndGlobalSection
EndGlobal
